{
    "_readme": [
        "This file locks the dependencies of your project to a known state",
        "Read more about it at https://getcomposer.org/doc/01-basic-usage.md#installing-dependencies",
        "This file is @generated automatically"
    ],
    "content-hash": "6d299298b721e5097ed6091d22f22b7c",
    "packages": [
        {
            "name": "enyo/dropzone",
            "version": "v5.9.3",
            "source": {
                "type": "git",
                "url": "https://github.com/dropzone/dropzone-packagist.git",
                "reference": "286b2dc1f1195bd12169e4c9d5f91cfbe46e245f"
            },
            "dist": {
                "type": "zip",
                "url": "https://api.github.com/repos/dropzone/dropzone-packagist/zipball/286b2dc1f1195bd12169e4c9d5f91cfbe46e245f",
                "reference": "286b2dc1f1195bd12169e4c9d5f91cfbe46e245f",
                "shasum": ""
            },
            "type": "library",
            "notification-url": "https://packagist.org/downloads/",
            "license": [
                "MIT"
            ],
            "authors": [
                {
                    "name": "Matias Meno",
                    "email": "m@tias.me",
                    "homepage": "http://www.yesmeno.com"
                }
            ],
            "description": "Handles drag and drop of files for you.",
            "homepage": "http://www.dropzonejs.com",
            "keywords": [
                "drag and drop",
                "dragndrop",
                "file upload",
                "upload"
            ],
            "support": {
                "issues": "https://github.com/dropzone/dropzone-packagist/issues",
                "source": "https://github.com/dropzone/dropzone-packagist/tree/v5.9.3"
            },
            "time": "2021-09-21T17:03:36+00:00"
        },
        {
            "name": "twbs/bootstrap-icons",
            "version": "v1.10.3",
            "source": {
                "type": "git",
                "url": "https://github.com/twbs/icons.git",
                "reference": "817d780a476dbb24b269a89ba56ff1d0d4125132"
            },
            "dist": {
                "type": "zip",
                "url": "https://api.github.com/repos/twbs/icons/zipball/817d780a476dbb24b269a89ba56ff1d0d4125132",
                "reference": "817d780a476dbb24b269a89ba56ff1d0d4125132",
                "shasum": ""
            },
            "type": "library",
            "notification-url": "https://packagist.org/downloads/",
            "license": [
                "MIT"
            ],
            "authors": [
                {
                    "name": "Mark Otto",
                    "email": "markdotto@gmail.com"
                }
            ],
            "description": "Official open source SVG icon library for Bootstrap",
            "homepage": "https://icons.getbootstrap.com/",
            "keywords": [
                "bootstrap",
                "icon font",
                "icons",
                "svg"
            ],
            "support": {
                "issues": "https://github.com/twbs/icons/issues",
                "source": "https://github.com/twbs/icons/tree/v1.10.3"
            },
            "time": "2022-12-27T05:46:02+00:00"
        }
    ],
    "packages-dev": [],
    "aliases": [],
    "minimum-stability": "stable",
    "stability-flags": [],
    "prefer-stable": false,
    "prefer-lowest": false,
    "platform": [],
    "platform-dev": [],
    "plugin-api-version": "2.0.0"
}
